PODS:
  - CardStyleTransition (0.3.2)

DEPENDENCIES:
  - CardStyleTransition (from `../`)

EXTERNAL SOURCES:
  CardStyleTransition:
    :path: "../"

SPEC CHECKSUMS:
  CardStyleTransition: 7356259ce5fd7b59dd8b5c9d0fe124e65a46f995

PODFILE CHECKSUM: 3f3d10356c2fc8fa1bb675ff0709d10cc4dc36d0

COCOAPODS: 1.7.5
